
Microsoft Visual Studio Solution File, Format Version 12.00
# Visual Studio Version 16
VisualStudioVersion = 16.0.32002.261
MinimumVisualStudioVersion = 10.0.40219.1
Project("{FAE04EC0-301F-11D3-BF4B-00C04F79EFBC}") = "01_-_Generic_Box", "01_-_Generic_Box\01_-_Generic_Box.csproj", "{6C23032E-3E03-40E8-A901-E5CDDE944003}"
EndProject
Global
	GlobalSection(SolutionConfigurationPlatforms) = preSolution
		Debug|Any CPU = Debug|Any CPU
		Release|Any CPU = Release|Any CPU
	EndGlobalSection
	GlobalSection(ProjectConfigurationPlatforms) = postSolution
		{6C23032E-3E03-40E8-A901-E5CDDE944003}.Debug|Any CPU.ActiveCfg = Debug|Any CPU
		{6C23032E-3E03-40E8-A901-E5CDDE944003}.Debug|Any CPU.Build.0 = Debug|Any CPU
		{6C23032E-3E03-40E8-A901-E5CDDE944003}.Release|Any CPU.ActiveCfg = Release|Any CPU
		{6C23032E-3E03-40E8-A901-E5CDDE944003}.Release|Any CPU.Build.0 = Release|Any CPU
	EndGlobalSection
	GlobalSection(SolutionProperties) = preSolution
		HideSolutionNode = FALSE
	EndGlobalSection
	GlobalSection(ExtensibilityGlobals) = postSolution
		SolutionGuid = {64AF28DE-0FAC-465D-9D12-B734995CB14F}
	EndGlobalSection
EndGlobal
